
Microsoft Visual Studio Solution File, Format Version 12.00
# Visual Studio Version 16
VisualStudioVersion = 16.0.32228.343
MinimumVisualStudioVersion = 10.0.40219.1
Project("{FAE04EC0-301F-11D3-BF4B-00C04F79EFBC}") = "Linq to Sql", "Linq to Sql\Linq to Sql.csproj", "{C5AD4ED7-AD58-49E8-A963-DB8376E568F6}"
EndProject
Global
	GlobalSection(SolutionConfigurationPlatforms) = preSolution
		Debug|Any CPU = Debug|Any CPU
		Release|Any CPU = Release|Any CPU
	EndGlobalSection
	GlobalSection(ProjectConfigurationPlatforms) = postSolution
		{C5AD4ED7-AD58-49E8-A963-DB8376E568F6}.Debug|Any CPU.ActiveCfg = Debug|Any CPU
		{C5AD4ED7-AD58-49E8-A963-DB8376E568F6}.Debug|Any CPU.Build.0 = Debug|Any CPU
		{C5AD4ED7-AD58-49E8-A963-DB8376E568F6}.Release|Any CPU.ActiveCfg = Release|Any CPU
		{C5AD4ED7-AD58-49E8-A963-DB8376E568F6}.Release|Any CPU.Build.0 = Release|Any CPU
	EndGlobalSection
	GlobalSection(SolutionProperties) = preSolution
		HideSolutionNode = FALSE
	EndGlobalSection
	GlobalSection(ExtensibilityGlobals) = postSolution
		SolutionGuid = {739A5452-9497-4503-811F-02F640FA93F1}
	EndGlobalSection
EndGlobal
