
Microsoft Visual Studio Solution File, Format Version 12.00
# Visual Studio Version 16
VisualStudioVersion = 16.0.32228.343
MinimumVisualStudioVersion = 10.0.40219.1
Project("{FAE04EC0-301F-11D3-BF4B-00C04F79EFBC}") = "Wpf_project", "Wpf_project\Wpf_project.csproj", "{467DB97B-F1F7-420D-8F8D-82B9A71C598F}"
EndProject
Global
	GlobalSection(SolutionConfigurationPlatforms) = preSolution
		Debug|Any CPU = Debug|Any CPU
		Release|Any CPU = Release|Any CPU
	EndGlobalSection
	GlobalSection(ProjectConfigurationPlatforms) = postSolution
		{467DB97B-F1F7-420D-8F8D-82B9A71C598F}.Debug|Any CPU.ActiveCfg = Debug|Any CPU
		{467DB97B-F1F7-420D-8F8D-82B9A71C598F}.Debug|Any CPU.Build.0 = Debug|Any CPU
		{467DB97B-F1F7-420D-8F8D-82B9A71C598F}.Release|Any CPU.ActiveCfg = Release|Any CPU
		{467DB97B-F1F7-420D-8F8D-82B9A71C598F}.Release|Any CPU.Build.0 = Release|Any CPU
	EndGlobalSection
	GlobalSection(SolutionProperties) = preSolution
		HideSolutionNode = FALSE
	EndGlobalSection
	GlobalSection(ExtensibilityGlobals) = postSolution
		SolutionGuid = {14C55622-1A68-4256-B78A-76FC6CE85D51}
	EndGlobalSection
EndGlobal
