
Microsoft Visual Studio Solution File, Format Version 12.00
# Visual Studio Version 16
VisualStudioVersion = 16.0.32228.343
MinimumVisualStudioVersion = 10.0.40219.1
Project("{FAE04EC0-301F-11D3-BF4B-00C04F79EFBC}") = "WinFormsApp2", "WinFormsApp2\WinFormsApp2.csproj", "{A2A4FD3B-3B94-466D-885B-1E3C191CF81F}"
EndProject
Global
	GlobalSection(SolutionConfigurationPlatforms) = preSolution
		Debug|Any CPU = Debug|Any CPU
		Release|Any CPU = Release|Any CPU
	EndGlobalSection
	GlobalSection(ProjectConfigurationPlatforms) = postSolution
		{A2A4FD3B-3B94-466D-885B-1E3C191CF81F}.Debug|Any CPU.ActiveCfg = Debug|Any CPU
		{A2A4FD3B-3B94-466D-885B-1E3C191CF81F}.Debug|Any CPU.Build.0 = Debug|Any CPU
		{A2A4FD3B-3B94-466D-885B-1E3C191CF81F}.Release|Any CPU.ActiveCfg = Release|Any CPU
		{A2A4FD3B-3B94-466D-885B-1E3C191CF81F}.Release|Any CPU.Build.0 = Release|Any CPU
	EndGlobalSection
	GlobalSection(SolutionProperties) = preSolution
		HideSolutionNode = FALSE
	EndGlobalSection
	GlobalSection(ExtensibilityGlobals) = postSolution
		SolutionGuid = {2D9FD784-16BB-4E2F-BA62-A4518066EF1D}
	EndGlobalSection
EndGlobal
