
Microsoft Visual Studio Solution File, Format Version 12.00
# Visual Studio Version 16
VisualStudioVersion = 16.0.32228.343
MinimumVisualStudioVersion = 10.0.40219.1
Project("{FAE04EC0-301F-11D3-BF4B-00C04F79EFBC}") = "working_of_interface", "working_of_interface\working_of_interface.csproj", "{2090C1D1-78C7-4295-BC05-5EB1F5EF3C02}"
EndProject
Global
	GlobalSection(SolutionConfigurationPlatforms) = preSolution
		Debug|Any CPU = Debug|Any CPU
		Release|Any CPU = Release|Any CPU
	EndGlobalSection
	GlobalSection(ProjectConfigurationPlatforms) = postSolution
		{2090C1D1-78C7-4295-BC05-5EB1F5EF3C02}.Debug|Any CPU.ActiveCfg = Debug|Any CPU
		{2090C1D1-78C7-4295-BC05-5EB1F5EF3C02}.Debug|Any CPU.Build.0 = Debug|Any CPU
		{2090C1D1-78C7-4295-BC05-5EB1F5EF3C02}.Release|Any CPU.ActiveCfg = Release|Any CPU
		{2090C1D1-78C7-4295-BC05-5EB1F5EF3C02}.Release|Any CPU.Build.0 = Release|Any CPU
	EndGlobalSection
	GlobalSection(SolutionProperties) = preSolution
		HideSolutionNode = FALSE
	EndGlobalSection
	GlobalSection(ExtensibilityGlobals) = postSolution
		SolutionGuid = {D7CC2735-D2A0-4940-92B2-11825190134F}
	EndGlobalSection
EndGlobal
