
Microsoft Visual Studio Solution File, Format Version 12.00
# Visual Studio Version 16
VisualStudioVersion = 16.0.32228.343
MinimumVisualStudioVersion = 10.0.40219.1
Project("{FAE04EC0-301F-11D3-BF4B-00C04F79EFBC}") = "Tooltip", "Tooltip\Tooltip.csproj", "{7F31F230-ABF3-461C-90F7-04858FC73EDB}"
EndProject
Global
	GlobalSection(SolutionConfigurationPlatforms) = preSolution
		Debug|Any CPU = Debug|Any CPU
		Release|Any CPU = Release|Any CPU
	EndGlobalSection
	GlobalSection(ProjectConfigurationPlatforms) = postSolution
		{7F31F230-ABF3-461C-90F7-04858FC73EDB}.Debug|Any CPU.ActiveCfg = Debug|Any CPU
		{7F31F230-ABF3-461C-90F7-04858FC73EDB}.Debug|Any CPU.Build.0 = Debug|Any CPU
		{7F31F230-ABF3-461C-90F7-04858FC73EDB}.Release|Any CPU.ActiveCfg = Release|Any CPU
		{7F31F230-ABF3-461C-90F7-04858FC73EDB}.Release|Any CPU.Build.0 = Release|Any CPU
	EndGlobalSection
	GlobalSection(SolutionProperties) = preSolution
		HideSolutionNode = FALSE
	EndGlobalSection
	GlobalSection(ExtensibilityGlobals) = postSolution
		SolutionGuid = {AEA393D0-C5C9-403E-AAC6-8C5C9DDB491D}
	EndGlobalSection
EndGlobal
