
Microsoft Visual Studio Solution File, Format Version 12.00
# Visual Studio Version 16
VisualStudioVersion = 16.0.32228.343
MinimumVisualStudioVersion = 10.0.40219.1
Project("{FAE04EC0-301F-11D3-BF4B-00C04F79EFBC}") = "LINQ", "LINQ\LINQ.csproj", "{21A99DA1-088D-49F2-A87C-6C9418120D9B}"
EndProject
Global
	GlobalSection(SolutionConfigurationPlatforms) = preSolution
		Debug|Any CPU = Debug|Any CPU
		Release|Any CPU = Release|Any CPU
	EndGlobalSection
	GlobalSection(ProjectConfigurationPlatforms) = postSolution
		{21A99DA1-088D-49F2-A87C-6C9418120D9B}.Debug|Any CPU.ActiveCfg = Debug|Any CPU
		{21A99DA1-088D-49F2-A87C-6C9418120D9B}.Debug|Any CPU.Build.0 = Debug|Any CPU
		{21A99DA1-088D-49F2-A87C-6C9418120D9B}.Release|Any CPU.ActiveCfg = Release|Any CPU
		{21A99DA1-088D-49F2-A87C-6C9418120D9B}.Release|Any CPU.Build.0 = Release|Any CPU
	EndGlobalSection
	GlobalSection(SolutionProperties) = preSolution
		HideSolutionNode = FALSE
	EndGlobalSection
	GlobalSection(ExtensibilityGlobals) = postSolution
		SolutionGuid = {3A0D8591-7282-4AF3-B743-A240BAA9777F}
	EndGlobalSection
EndGlobal
