
Microsoft Visual Studio Solution File, Format Version 12.00
# Visual Studio Version 16
VisualStudioVersion = 16.0.32228.343
MinimumVisualStudioVersion = 10.0.40219.1
Project("{FAE04EC0-301F-11D3-BF4B-00C04F79EFBC}") = "Save File Dialog", "Save File Dialog\Save File Dialog.csproj", "{FBE9AA18-38A9-4599-BD50-8C33029AEE3C}"
EndProject
Global
	GlobalSection(SolutionConfigurationPlatforms) = preSolution
		Debug|Any CPU = Debug|Any CPU
		Release|Any CPU = Release|Any CPU
	EndGlobalSection
	GlobalSection(ProjectConfigurationPlatforms) = postSolution
		{FBE9AA18-38A9-4599-BD50-8C33029AEE3C}.Debug|Any CPU.ActiveCfg = Debug|Any CPU
		{FBE9AA18-38A9-4599-BD50-8C33029AEE3C}.Debug|Any CPU.Build.0 = Debug|Any CPU
		{FBE9AA18-38A9-4599-BD50-8C33029AEE3C}.Release|Any CPU.ActiveCfg = Release|Any CPU
		{FBE9AA18-38A9-4599-BD50-8C33029AEE3C}.Release|Any CPU.Build.0 = Release|Any CPU
	EndGlobalSection
	GlobalSection(SolutionProperties) = preSolution
		HideSolutionNode = FALSE
	EndGlobalSection
	GlobalSection(ExtensibilityGlobals) = postSolution
		SolutionGuid = {F781819D-45B9-4285-9979-9587AC2AFA61}
	EndGlobalSection
EndGlobal
